{
    "version": 3,
    "terraform_version": "0.11.7",
    "serial": 2,
    "lineage": "1975ac33-f005-02d0-ebaf-d4decebd0f58",
    "modules": [
        {
            "path": [
                "root"
            ],
            "outputs": {
                "BACKEND_BUCKET_NAME": {
                    "sensitive": false,
                    "type": "string",
                    "value": "mywebdeployment-040324229766-us-east-2"
                },
                "account_id": {
                    "sensitive": false,
                    "type": "string",
                    "value": "040324229766"
                },
                "caller_arn": {
                    "sensitive": false,
                    "type": "string",
                    "value": "arn:aws:iam::040324229766:user/nschhina"
                },
                "caller_user": {
                    "sensitive": false,
                    "type": "string",
                    "value": "AIDAIIP44ZAVJTA7OCNZW"
                }
            },
            "resources": {
                "aws_s3_bucket.backend_bootstrap": {
                    "type": "aws_s3_bucket",
                    "depends_on": [
                        "data.aws_region.current",
                        "local.project_name",
                        "local.state_bucket_name"
                    ],
                    "primary": {
                        "id": "mywebdeployment-040324229766-us-east-2",
                        "attributes": {
                            "acceleration_status": "",
                            "acl": "private",
                            "arn": "arn:aws:s3:::mywebdeployment-040324229766-us-east-2",
                            "bucket": "mywebdeployment-040324229766-us-east-2",
                            "bucket_domain_name": "mywebdeployment-040324229766-us-east-2.s3.amazonaws.com",
                            "bucket_regional_domain_name": "mywebdeployment-040324229766-us-east-2.s3.us-east-2.amazonaws.com",
                            "cors_rule.#": "0",
                            "force_destroy": "false",
                            "hosted_zone_id": "Z2O1EMRO9K5GLX",
                            "id": "mywebdeployment-040324229766-us-east-2",
                            "logging.#": "0",
                            "region": "us-east-2",
                            "replication_configuration.#": "0",
                            "request_payer": "BucketOwner",
                            "server_side_encryption_configuration.#": "1",
                            "server_side_encryption_configuration.0.rule.#": "1",
                            "server_side_encryption_configuration.0.rule.0.apply_server_side_encryption_by_default.#": "1",
                            "server_side_encryption_configuration.0.rule.0.apply_server_side_encryption_by_default.0.kms_master_key_id": "",
                            "server_side_encryption_configuration.0.rule.0.apply_server_side_encryption_by_default.0.sse_algorithm": "AES256",
                            "tags.%": "3",
                            "tags.Environment": "global",
                            "tags.Name": "terraform-state-bucket",
                            "tags.project": "mywebdeployment",
                            "versioning.#": "1",
                            "versioning.0.enabled": "true",
                            "versioning.0.mfa_delete": "false",
                            "website.#": "0"
                        },
                        "meta": {},
                        "tainted": false
                    },
                    "deposed": [],
                    "provider": "provider.aws"
                },
                "data.aws_caller_identity.current": {
                    "type": "aws_caller_identity",
                    "depends_on": [],
                    "primary": {
                        "id": "2018-08-08 02:58:06.146213 +0000 UTC",
                        "attributes": {
                            "account_id": "040324229766",
                            "arn": "arn:aws:iam::040324229766:user/nschhina",
                            "id": "2018-08-08 02:58:06.146213 +0000 UTC",
                            "user_id": "AIDAIIP44ZAVJTA7OCNZW"
                        },
                        "meta": {},
                        "tainted": false
                    },
                    "deposed": [],
                    "provider": "provider.aws"
                },
                "data.aws_region.current": {
                    "type": "aws_region",
                    "depends_on": [],
                    "primary": {
                        "id": "us-east-2",
                        "attributes": {
                            "current": "true",
                            "description": "US East (Ohio)",
                            "endpoint": "ec2.us-east-2.amazonaws.com",
                            "id": "us-east-2",
                            "name": "us-east-2"
                        },
                        "meta": {},
                        "tainted": false
                    },
                    "deposed": [],
                    "provider": "provider.aws"
                }
            },
            "depends_on": []
        }
    ]
}
